{
  "name": "nhexportinflux",
  "version": "1.0.0",
  "lockfileVersion": 2,
  "requires": true,
  "dependencies": {
    "@types/node": {
      "version": "16.11.16",
      "resolved": "https://registry.npmjs.org/@types/node/-/node-16.11.16.tgz",
      "integrity": "sha512-AOXYgDZQmJ3oBq2imfH2B4lPhijjv7kLUaETuuIqySCdzBA5z/8mODsP06Dgi6MSxRAiWwF7uZwz39yQinjr0A=="
    },
    "axios": {
      "version": "0.21.1",
      "resolved": "https://registry.npmjs.org/axios/-/axios-0.21.1.tgz",
      "integrity": "sha512-QLAL8wgMFx/Flr8RLSVGNlX2bZU0uYp0T8HEr1bIwfV3EKFQQly+ykmlmOMn/L8mhF1jT2hckJc+Z5nUgQa/Fw==",
      "requires": {
        "follow-redirects": "^1.14.7"
      }
    },
    "dotenv": {
      "version": "10.0.0",
      "resolved": "https://registry.npmjs.org/dotenv/-/dotenv-10.0.0.tgz",
      "integrity": "sha512-SSDNLqXnO0tObq7pw8KbPXy3CmY/uPWT4B4n6g2bIjTAoLcnb5i8VvDXzO1mjzjm+0eefgJ6uqvdFhDsf5bk0g=="
    },
    "influx": {
      "version": "7.14.0",
      "resolved": "https://registry.npmjs.org/influx/-/influx-7.14.0.tgz",
      "integrity": "sha512-VWuTr4DNOSa1RVwnyZgs74Dk/DGg6Q5ws4cc8sJb8HvQ7b/FV4XOK3D6EumWPSO55G/vpf/RxuIjHVeKY3exjQ==",
      "requires": {
        "array-flatten": "^3.0.0",
        "json-stringify-safe": "^5.0.0",
        "long": "^4.0.0",
        "rxjs": "^7.5.0",
        "tslib": "^2.1.0"
      }
    },
    "mime-db": {
      "version": "1.65.0",
      "resolved": "https://registry.npmjs.org/mime-db/-/mime-db-1.65.0.tgz",
      "integrity": "sha512-HlJ35BQLruxR9RdqqI5faNv4kgnS0niVVbFZDZy68ZFFm0re27HrrOHvep8CSz1d/pLlDm3eNSJi3eY/RM0APw=="
    },
    "mime-types": {
      "version": "2.5.2",
      "resolved": "https://registry.npmjs.org/mime-types/-/mime-types-2.5.2.tgz",
      "integrity": "sha512-oympRtD+TouXaOvJVSMbZlzz7J3pEmmcP7hEeYW4DLTiyFEP8g6whbO6U7061AOt5Mlw1V5yg86ifFOl+1h0RQ==",
      "requires": {
        "mime-db": "1.65.0"
      }
    },
    "prom-client": {
      "version": "13.1.0",
      "resolved": "https://registry.npmjs.org/prom-client/-/prom-client-13.1.0.tgz",
      "integrity": "sha512-71/+t1HJbDb6NYwRvZs02tWDZWEaIN+hOrLDRRtebuzHQw+TX/1jXHZXa1VEmHhd9cE9qwjZzQ4hU+bLsKY5Uw=="
    },
    "tslib": {
      "version": "2.3.1",
      "resolved": "https://registry.npmjs.org/tslib/-/tslib-2.3.1.tgz",
      "integrity": "sha512-77EbyPPpMz+FRFRuAFlWMtmgUWGe9UOG2Z25NqCwiIjRhOf5iKGuzSe5P2w1laq+FkRy4p+PCuVkJSGkzTEKVw=="
    }
  }
}
